
Microsoft Visual Studio Solution File, Format Version 12.00
# Visual Studio Version 17
VisualStudioVersion = 17.2.32630.192
MinimumVisualStudioVersion = 10.0.40219.1
Project("{FAE04EC0-301F-11D3-BF4B-00C04F79EFBC}") = "Task3Inh_Poly", "Task3Inh_Poly\Task3Inh_Poly.csproj", "{6CBF8BEC-33E0-4E1A-A9B4-34B3059FDABD}"
EndProject
Global
	GlobalSection(SolutionConfigurationPlatforms) = preSolution
		Debug|Any CPU = Debug|Any CPU
		Release|Any CPU = Release|Any CPU
	EndGlobalSection
	GlobalSection(ProjectConfigurationPlatforms) = postSolution
		{6CBF8BEC-33E0-4E1A-A9B4-34B3059FDABD}.Debug|Any CPU.ActiveCfg = Debug|Any CPU
		{6CBF8BEC-33E0-4E1A-A9B4-34B3059FDABD}.Debug|Any CPU.Build.0 = Debug|Any CPU
		{6CBF8BEC-33E0-4E1A-A9B4-34B3059FDABD}.Release|Any CPU.ActiveCfg = Release|Any CPU
		{6CBF8BEC-33E0-4E1A-A9B4-34B3059FDABD}.Release|Any CPU.Build.0 = Release|Any CPU
	EndGlobalSection
	GlobalSection(SolutionProperties) = preSolution
		HideSolutionNode = FALSE
	EndGlobalSection
	GlobalSection(ExtensibilityGlobals) = postSolution
		SolutionGuid = {70301BCB-3879-4FDD-AADC-419DA3B72E64}
	EndGlobalSection
EndGlobal
